// !$*UTF8*$!
{
	archiveVersion = 1;
	classes = {
	};
	objectVersion = 51;
	objects = {

/* Begin PBXBuildFile section */
		37A6FF4BDE240D01125CEEF3 /* Pods_Actor.framework in Frameworks */ = {isa = PBXBuildFile; fileRef = 1A712BEDF71106BA3B089374 /* Pods_Actor.framework */; };
		F0179D1A22D5F77F0071832D /* RootViewController.swift in Sources */ = {isa = PBXBuildFile; fileRef = F0179D0622D5E6F90071832D /* RootViewController.swift */; };
		F025535E218BFFA000261DEA /* iOSDevCenters+GIF.swift in Sources */ = {isa = PBXBuildFile; fileRef = F025535D218BFFA000261DEA /* iOSDevCenters+GIF.swift */; };
		F025537921904D1A00261DEA /* EditUserInfoVC.swift in Sources */ = {isa = PBXBuildFile; fileRef = F025537821904D1A00261DEA /* EditUserInfoVC.swift */; };
		F02ADDA52199264400A28B35 /* MessagesVC.swift in Sources */ = {isa = PBXBuildFile; fileRef = F02ADDA42199264400A28B35 /* MessagesVC.swift */; };
		F02ADDA8219BF4EB00A28B35 /* ActionVC.swift in Sources */ = {isa = PBXBuildFile; fileRef = F02ADDA6219BE62D00A28B35 /* ActionVC.swift */; };
		F030FFA021A24D74008FB7BE /* ReviewsVC.swift in Sources */ = {isa = PBXBuildFile; fileRef = F030FF9F21A24D74008FB7BE /* ReviewsVC.swift */; };
		F030FFA221A4049A008FB7BE /* DialogVC.swift in Sources */ = {isa = PBXBuildFile; fileRef = F030FFA121A40499008FB7BE /* DialogVC.swift */; };
		F030FFA421A79B1B008FB7BE /* TimelineLayout.swift in Sources */ = {isa = PBXBuildFile; fileRef = F030FFA321A79B1B008FB7BE /* TimelineLayout.swift */; };
		F04B914521B288E9000F5003 /* Followers.swift in Sources */ = {isa = PBXBuildFile; fileRef = F04B914421B288E9000F5003 /* Followers.swift */; };
		F04B914921CACF9F000F5003 /* EULAVC.swift in Sources */ = {isa = PBXBuildFile; fileRef = F04B914821CACF9E000F5003 /* EULAVC.swift */; };
		F0A401CE217C50AD003ACC53 /* AppDelegate.swift in Sources */ = {isa = PBXBuildFile; fileRef = F0A401CD217C50AD003ACC53 /* AppDelegate.swift */; };
		F0A401D3217C50AD003ACC53 /* Main.storyboard in Resources */ = {isa = PBXBuildFile; fileRef = F0A401D1217C50AD003ACC53 /* Main.storyboard */; };
		F0A401D6217C50AD003ACC53 /* action.xcdatamodeld in Sources */ = {isa = PBXBuildFile; fileRef = F0A401D4217C50AD003ACC53 /* action.xcdatamodeld */; };
		F0A401D8217C50AE003ACC53 /* Assets.xcassets in Resources */ = {isa = PBXBuildFile; fileRef = F0A401D7217C50AE003ACC53 /* Assets.xcassets */; };
		F0A401DB217C50AE003ACC53 /* LaunchScreen.storyboard in Resources */ = {isa = PBXBuildFile; fileRef = F0A401D9217C50AE003ACC53 /* LaunchScreen.storyboard */; };
		F0A4020F217C511C003ACC53 /* PreviewView.swift in Sources */ = {isa = PBXBuildFile; fileRef = F0A401E3217C511B003ACC53 /* PreviewView.swift */; };
		F0A40211217C511C003ACC53 /* MainVC.swift in Sources */ = {isa = PBXBuildFile; fileRef = F0A401E5217C511B003ACC53 /* MainVC.swift */; };
		F0A40213217C511C003ACC53 /* RosyWriterCPURenderer.swift in Sources */ = {isa = PBXBuildFile; fileRef = F0A401E9217C511B003ACC53 /* RosyWriterCPURenderer.swift */; };
		F0A40214217C511C003ACC53 /* RosyWriterRenderer.swift in Sources */ = {isa = PBXBuildFile; fileRef = F0A401EA217C511B003ACC53 /* RosyWriterRenderer.swift */; };
		F0A40215217C511C003ACC53 /* RosyWriterOpenCVRenderer.swift in Sources */ = {isa = PBXBuildFile; fileRef = F0A401EB217C511B003ACC53 /* RosyWriterOpenCVRenderer.swift */; };
		F0A40216217C511C003ACC53 /* RosyWriterCIFilterRenderer.swift in Sources */ = {isa = PBXBuildFile; fileRef = F0A401EC217C511B003ACC53 /* RosyWriterCIFilterRenderer.swift */; };
		F0A40217217C511C003ACC53 /* CoreImageFilters.swift in Sources */ = {isa = PBXBuildFile; fileRef = F0A401ED217C511B003ACC53 /* CoreImageFilters.swift */; };
		F0A40218217C511C003ACC53 /* RosyWriterOpenGLRenderer.swift in Sources */ = {isa = PBXBuildFile; fileRef = F0A401EE217C511B003ACC53 /* RosyWriterOpenGLRenderer.swift */; };
		F0A40219217C511C003ACC53 /* RosyWriterCapturePipeline.swift in Sources */ = {isa = PBXBuildFile; fileRef = F0A401EF217C511B003ACC53 /* RosyWriterCapturePipeline.swift */; };
		F0A4021A217C511C003ACC53 /* OpenGLPixelBufferView.swift in Sources */ = {isa = PBXBuildFile; fileRef = F0A401F1217C511B003ACC53 /* OpenGLPixelBufferView.swift */; };
		F0A4021B217C511C003ACC53 /* MovieRecorder.swift in Sources */ = {isa = PBXBuildFile; fileRef = F0A401F2217C511B003ACC53 /* MovieRecorder.swift */; };
		F0A4021D217C511C003ACC53 /* ObjC.swift in Sources */ = {isa = PBXBuildFile; fileRef = F0A401F6217C511B003ACC53 /* ObjC.swift */; };
		F0A4021E217C511C003ACC53 /* NumTypes+Conversion.swift in Sources */ = {isa = PBXBuildFile; fileRef = F0A401F7217C511B003ACC53 /* NumTypes+Conversion.swift */; };
		F0A4021F217C511C003ACC53 /* FourCharCode+StringLiteralConvertible.swift in Sources */ = {isa = PBXBuildFile; fileRef = F0A401F8217C511B003ACC53 /* FourCharCode+StringLiteralConvertible.swift */; };
		F0A40242217C5723003ACC53 /* ShaderUtilities.swift in Sources */ = {isa = PBXBuildFile; fileRef = F0A40241217C5723003ACC53 /* ShaderUtilities.swift */; };
		F0A40245217C6267003ACC53 /* UserInfoVC.swift in Sources */ = {isa = PBXBuildFile; fileRef = F0A40244217C6267003ACC53 /* UserInfoVC.swift */; };
		F0A40248217C6348003ACC53 /* CloudKit.framework in Frameworks */ = {isa = PBXBuildFile; fileRef = F0A40247217C6348003ACC53 /* CloudKit.framework */; };
		F0A40251217D9287003ACC53 /* BaseLocalCache.swift in Sources */ = {isa = PBXBuildFile; fileRef = F0A40249217D9285003ACC53 /* BaseLocalCache.swift */; };
		F0A40256217D9287003ACC53 /* HandleCloudKitError.swift in Sources */ = {isa = PBXBuildFile; fileRef = F0A4024E217D9286003ACC53 /* HandleCloudKitError.swift */; };
		F0A4025D21808464003ACC53 /* UserLocalCache.swift in Sources */ = {isa = PBXBuildFile; fileRef = F0A4025C21808464003ACC53 /* UserLocalCache.swift */; };
		F0A4025F218319E0003ACC53 /* FollowingVC.swift in Sources */ = {isa = PBXBuildFile; fileRef = F0A4025E218319E0003ACC53 /* FollowingVC.swift */; };
		F0E0F73F225F6FD5006EBB35 /* AppDelegate.swift in Sources */ = {isa = PBXBuildFile; fileRef = F0E0F73E225F6FD5006EBB35 /* AppDelegate.swift */; };
		F0E0F744225F6FD5006EBB35 /* Main.storyboard in Resources */ = {isa = PBXBuildFile; fileRef = F0E0F742225F6FD5006EBB35 /* Main.storyboard */; };
		F0E0F746225F6FD7006EBB35 /* Assets.xcassets in Resources */ = {isa = PBXBuildFile; fileRef = F0E0F745225F6FD7006EBB35 /* Assets.xcassets */; };
		F0E0F749225F6FD7006EBB35 /* LaunchScreen.storyboard in Resources */ = {isa = PBXBuildFile; fileRef = F0E0F747225F6FD7006EBB35 /* LaunchScreen.storyboard */; };
		F0E0F76322606FB0006EBB35 /* RosyWriterCPURenderer.swift in Sources */ = {isa = PBXBuildFile; fileRef = F0E0F75022606FAF006EBB35 /* RosyWriterCPURenderer.swift */; };
		F0E0F76422606FB0006EBB35 /* RosyWriterRenderer.swift in Sources */ = {isa = PBXBuildFile; fileRef = F0E0F75122606FAF006EBB35 /* RosyWriterRenderer.swift */; };
		F0E0F76522606FB0006EBB35 /* RosyWriterOpenCVRenderer.swift in Sources */ = {isa = PBXBuildFile; fileRef = F0E0F75222606FAF006EBB35 /* RosyWriterOpenCVRenderer.swift */; };
		F0E0F76622606FB0006EBB35 /* RosyWriterCIFilterRenderer.swift in Sources */ = {isa = PBXBuildFile; fileRef = F0E0F75322606FAF006EBB35 /* RosyWriterCIFilterRenderer.swift */; };
		F0E0F76722606FB0006EBB35 /* CoreImageFilters.swift in Sources */ = {isa = PBXBuildFile; fileRef = F0E0F75422606FAF006EBB35 /* CoreImageFilters.swift */; };
		F0E0F76822606FB0006EBB35 /* RosyWriterOpenGLRenderer.swift in Sources */ = {isa = PBXBuildFile; fileRef = F0E0F75522606FAF006EBB35 /* RosyWriterOpenGLRenderer.swift */; };
		F0E0F76922606FB0006EBB35 /* PreviewView.swift in Sources */ = {isa = PBXBuildFile; fileRef = F0E0F75622606FAF006EBB35 /* PreviewView.swift */; };
		F0E0F76A22606FB0006EBB35 /* RosyWriterCapturePipeline.swift in Sources */ = {isa = PBXBuildFile; fileRef = F0E0F75722606FAF006EBB35 /* RosyWriterCapturePipeline.swift */; };
		F0E0F76C22606FB0006EBB35 /* OpenGLPixelBufferView.swift in Sources */ = {isa = PBXBuildFile; fileRef = F0E0F75A22606FAF006EBB35 /* OpenGLPixelBufferView.swift */; };
		F0E0F76D22606FB0006EBB35 /* MovieRecorder.swift in Sources */ = {isa = PBXBuildFile; fileRef = F0E0F75B22606FAF006EBB35 /* MovieRecorder.swift */; };
		F0E0F76E22606FB0006EBB35 /* ShaderUtilities.swift in Sources */ = {isa = PBXBuildFile; fileRef = F0E0F75D22606FAF006EBB35 /* ShaderUtilities.swift */; };
		F0E0F76F22606FB0006EBB35 /* ObjC.swift in Sources */ = {isa = PBXBuildFile; fileRef = F0E0F75F22606FAF006EBB35 /* ObjC.swift */; };
		F0E0F77022606FB0006EBB35 /* NumTypes+Conversion.swift in Sources */ = {isa = PBXBuildFile; fileRef = F0E0F76022606FAF006EBB35 /* NumTypes+Conversion.swift */; };
		F0E0F77122606FB0006EBB35 /* FourCharCode+StringLiteralConvertible.swift in Sources */ = {isa = PBXBuildFile; fileRef = F0E0F76122606FAF006EBB35 /* FourCharCode+StringLiteralConvertible.swift */; };
		F0E0F77222606FB0006EBB35 /* TimelineLayout.swift in Sources */ = {isa = PBXBuildFile; fileRef = F0E0F76222606FAF006EBB35 /* TimelineLayout.swift */; };
		F0E0F77422606FF1006EBB35 /* ActionVC.swift in Sources */ = {isa = PBXBuildFile; fileRef = F0E0F77322606FF1006EBB35 /* ActionVC.swift */; };
		F0E0F77622607110006EBB35 /* PlayerView.swift in Sources */ = {isa = PBXBuildFile; fileRef = F0E0F77522607110006EBB35 /* PlayerView.swift */; };
		F0E0F77A22607F72006EBB35 /* PlayerView.swift in Sources */ = {isa = PBXBuildFile; fileRef = F0E0F77922607F72006EBB35 /* PlayerView.swift */; };
		F0FCA4502267083B0014FBBA /* movie.MOV in Resources */ = {isa = PBXBuildFile; fileRef = F0FCA44F2267083B0014FBBA /* movie.MOV */; };
		F0FCA458226779600014FBBA /* AwesomeTabButton.swift in Sources */ = {isa = PBXBuildFile; fileRef = F0FCA453226779600014FBBA /* AwesomeTabButton.swift */; };
		F0FCA459226779600014FBBA /* AwesomeSpotlightViewBundle.bundle in Resources */ = {isa = PBXBuildFile; fileRef = F0FCA454226779600014FBBA /* AwesomeSpotlightViewBundle.bundle */; };
		F0FCA45A226779600014FBBA /* AwesomeSpotlightView.swift in Sources */ = {isa = PBXBuildFile; fileRef = F0FCA455226779600014FBBA /* AwesomeSpotlightView.swift */; };
		F0FCA45B226779600014FBBA /* AwesomeSpotlight.swift in Sources */ = {isa = PBXBuildFile; fileRef = F0FCA456226779600014FBBA /* AwesomeSpotlight.swift */; };
		F0FCA45C226779600014FBBA /* Localizator.swift in Sources */ = {isa = PBXBuildFile; fileRef = F0FCA457226779600014FBBA /* Localizator.swift */; };
/* End PBXBuildFile section */

/* Begin PBXFileReference section */
		1A712BEDF71106BA3B089374 /* Pods_Actor.framework */ = {isa = PBXFileReference; explicitFileType = wrapper.framework; includeInIndex = 0; path = Pods_Actor.framework; sourceTree = BUILT_PRODUCTS_DIR; };
		493DC757320EC0E82B8B89B8 /* Pods-Actor.debug.xcconfig */ = {isa = PBXFileReference; includeInIndex = 1; lastKnownFileType = text.xcconfig; name = "Pods-Actor.debug.xcconfig"; path = "Pods/Target Support Files/Pods-Actor/Pods-Actor.debug.xcconfig"; sourceTree = "<group>"; };
		DEA36B5CB78E5B3F24F58399 /* Pods-Actor.release.xcconfig */ = {isa = PBXFileReference; includeInIndex = 1; lastKnownFileType = text.xcconfig; name = "Pods-Actor.release.xcconfig"; path = "Pods/Target Support Files/Pods-Actor/Pods-Actor.release.xcconfig"; sourceTree = "<group>"; };
		F0179D0622D5E6F90071832D /* RootViewController.swift */ = {isa = PBXFileReference; lastKnownFileType = sourcecode.swift; path = RootViewController.swift; sourceTree = "<group>"; };
		F025535D218BFFA000261DEA /* iOSDevCenters+GIF.swift */ = {isa = PBXFileReference; fileEncoding = 4; lastKnownFileType = sourcecode.swift; path = "iOSDevCenters+GIF.swift"; sourceTree = "<group>"; };
		F025537821904D1A00261DEA /* EditUserInfoVC.swift */ = {isa = PBXFileReference; fileEncoding = 4; lastKnownFileType = sourcecode.swift; path = EditUserInfoVC.swift; sourceTree = "<group>"; };
		F02ADDA42199264400A28B35 /* MessagesVC.swift */ = {isa = PBXFileReference; lastKnownFileType = sourcecode.swift; path = MessagesVC.swift; sourceTree = "<group>"; };
		F02ADDA6219BE62D00A28B35 /* ActionVC.swift */ = {isa = PBXFileReference; lastKnownFileType = sourcecode.swift; path = ActionVC.swift; sourceTree = "<group>"; };
		F030FF9F21A24D74008FB7BE /* ReviewsVC.swift */ = {isa = PBXFileReference; lastKnownFileType = sourcecode.swift; path = ReviewsVC.swift; sourceTree = "<group>"; };
		F030FFA121A40499008FB7BE /* DialogVC.swift */ = {isa = PBXFileReference; fileEncoding = 4; lastKnownFileType = sourcecode.swift; path = DialogVC.swift; sourceTree = "<group>"; };
		F030FFA321A79B1B008FB7BE /* TimelineLayout.swift */ = {isa = PBXFileReference; lastKnownFileType = sourcecode.swift; path = TimelineLayout.swift; sourceTree = "<group>"; };
		F04B914421B288E9000F5003 /* Followers.swift */ = {isa = PBXFileReference; fileEncoding = 4; lastKnownFileType = sourcecode.swift; path = Followers.swift; sourceTree = "<group>"; };
		F04B914621B7ED77000F5003 /* zh-Hans */ = {isa = PBXFileReference; lastKnownFileType = text.plist.strings; name = "zh-Hans"; path = "zh-Hans.lproj/Main.strings"; sourceTree = "<group>"; };
		F04B914721B7ED78000F5003 /* zh-Hans */ = {isa = PBXFileReference; lastKnownFileType = text.plist.strings; name = "zh-Hans"; path = "zh-Hans.lproj/LaunchScreen.strings"; sourceTree = "<group>"; };
		F04B914821CACF9E000F5003 /* EULAVC.swift */ = {isa = PBXFileReference; lastKnownFileType = sourcecode.swift; path = EULAVC.swift; sourceTree = "<group>"; };
		F0A401CA217C50AD003ACC53 /* action.app */ = {isa = PBXFileReference; explicitFileType = wrapper.application; includeInIndex = 0; path = action.app; sourceTree = BUILT_PRODUCTS_DIR; };
		F0A401CD217C50AD003ACC53 /* AppDelegate.swift */ = {isa = PBXFileReference; lastKnownFileType = sourcecode.swift; path = AppDelegate.swift; sourceTree = "<group>"; };
		F0A401D2217C50AD003ACC53 /* Base */ = {isa = PBXFileReference; lastKnownFileType = file.storyboard; name = Base; path = Base.lproj/Main.storyboard; sourceTree = "<group>"; };
		F0A401D5217C50AD003ACC53 /* action.xcdatamodel */ = {isa = PBXFileReference; lastKnownFileType = wrapper.xcdatamodel; path = action.xcdatamodel; sourceTree = "<group>"; };
		F0A401D7217C50AE003ACC53 /* Assets.xcassets */ = {isa = PBXFileReference; lastKnownFileType = folder.assetcatalog; path = Assets.xcassets; sourceTree = "<group>"; };
		F0A401DA217C50AE003ACC53 /* Base */ = {isa = PBXFileReference; lastKnownFileType = file.storyboard; name = Base; path = Base.lproj/LaunchScreen.storyboard; sourceTree = "<group>"; };
		F0A401DC217C50AE003ACC53 /* Info.plist */ = {isa = PBXFileReference; lastKnownFileType = text.plist.xml; path = Info.plist; sourceTree = "<group>"; };
		F0A401E3217C511B003ACC53 /* PreviewView.swift */ = {isa = PBXFileReference; fileEncoding = 4; lastKnownFileType = sourcecode.swift; path = PreviewView.swift; sourceTree = "<group>"; };
		F0A401E5217C511B003ACC53 /* MainVC.swift */ = {isa = PBXFileReference; fileEncoding = 4; lastKnownFileType = sourcecode.swift; path = MainVC.swift; sourceTree = "<group>"; };
		F0A401E9217C511B003ACC53 /* RosyWriterCPURenderer.swift */ = {isa = PBXFileReference; fileEncoding = 4; lastKnownFileType = sourcecode.swift; path = RosyWriterCPURenderer.swift; sourceTree = "<group>"; };
		F0A401EA217C511B003ACC53 /* RosyWriterRenderer.swift */ = {isa = PBXFileReference; fileEncoding = 4; lastKnownFileType = sourcecode.swift; path = RosyWriterRenderer.swift; sourceTree = "<group>"; };
		F0A401EB217C511B003ACC53 /* RosyWriterOpenCVRenderer.swift */ = {isa = PBXFileReference; fileEncoding = 4; lastKnownFileType = sourcecode.swift; path = RosyWriterOpenCVRenderer.swift; sourceTree = "<group>"; };
		F0A401EC217C511B003ACC53 /* RosyWriterCIFilterRenderer.swift */ = {isa = PBXFileReference; fileEncoding = 4; lastKnownFileType = sourcecode.swift; path = RosyWriterCIFilterRenderer.swift; sourceTree = "<group>"; };
		F0A401ED217C511B003ACC53 /* CoreImageFilters.swift */ = {isa = PBXFileReference; fileEncoding = 4; lastKnownFileType = sourcecode.swift; path = CoreImageFilters.swift; sourceTree = "<group>"; };
		F0A401EE217C511B003ACC53 /* RosyWriterOpenGLRenderer.swift */ = {isa = PBXFileReference; fileEncoding = 4; lastKnownFileType = sourcecode.swift; path = RosyWriterOpenGLRenderer.swift; sourceTree = "<group>"; };
		F0A401EF217C511B003ACC53 /* RosyWriterCapturePipeline.swift */ = {isa = PBXFileReference; fileEncoding = 4; lastKnownFileType = sourcecode.swift; path = RosyWriterCapturePipeline.swift; sourceTree = "<group>"; };
		F0A401F1217C511B003ACC53 /* OpenGLPixelBufferView.swift */ = {isa = PBXFileReference; fileEncoding = 4; lastKnownFileType = sourcecode.swift; path = OpenGLPixelBufferView.swift; sourceTree = "<group>"; };
		F0A401F2217C511B003ACC53 /* MovieRecorder.swift */ = {isa = PBXFileReference; fileEncoding = 4; lastKnownFileType = sourcecode.swift; path = MovieRecorder.swift; sourceTree = "<group>"; };
		F0A401F6217C511B003ACC53 /* ObjC.swift */ = {isa = PBXFileReference; fileEncoding = 4; lastKnownFileType = sourcecode.swift; path = ObjC.swift; sourceTree = "<group>"; };
		F0A401F7217C511B003ACC53 /* NumTypes+Conversion.swift */ = {isa = PBXFileReference; fileEncoding = 4; lastKnownFileType = sourcecode.swift; path = "NumTypes+Conversion.swift"; sourceTree = "<group>"; };
		F0A401F8217C511B003ACC53 /* FourCharCode+StringLiteralConvertible.swift */ = {isa = PBXFileReference; fileEncoding = 4; lastKnownFileType = sourcecode.swift; path = "FourCharCode+StringLiteralConvertible.swift"; sourceTree = "<group>"; };
		F0A40241217C5723003ACC53 /* ShaderUtilities.swift */ = {isa = PBXFileReference; fileEncoding = 4; lastKnownFileType = sourcecode.swift; path = ShaderUtilities.swift; sourceTree = "<group>"; };
		F0A40244217C6267003ACC53 /* UserInfoVC.swift */ = {isa = PBXFileReference; fileEncoding = 4; lastKnownFileType = sourcecode.swift; path = UserInfoVC.swift; sourceTree = "<group>"; };
		F0A40246217C6342003ACC53 /* action.entitlements */ = {isa = PBXFileReference; lastKnownFileType = text.plist.entitlements; path = action.entitlements; sourceTree = "<group>"; };
		F0A40247217C6348003ACC53 /* CloudKit.framework */ = {isa = PBXFileReference; lastKnownFileType = wrapper.framework; name = CloudKit.framework; path = System/Library/Frameworks/CloudKit.framework; sourceTree = SDKROOT; };
		F0A40249217D9285003ACC53 /* BaseLocalCache.swift */ = {isa = PBXFileReference; fileEncoding = 4; lastKnownFileType = sourcecode.swift; path = BaseLocalCache.swift; sourceTree = "<group>"; };
		F0A4024E217D9286003ACC53 /* HandleCloudKitError.swift */ = {isa = PBXFileReference; fileEncoding = 4; lastKnownFileType = sourcecode.swift; path = HandleCloudKitError.swift; sourceTree = "<group>"; };
		F0A4025C21808464003ACC53 /* UserLocalCache.swift */ = {isa = PBXFileReference; fileEncoding = 4; lastKnownFileType = sourcecode.swift; path = UserLocalCache.swift; sourceTree = "<group>"; };
		F0A4025E218319E0003ACC53 /* FollowingVC.swift */ = {isa = PBXFileReference; fileEncoding = 4; lastKnownFileType = sourcecode.swift; path = FollowingVC.swift; sourceTree = "<group>"; };
		F0E0F73C225F6FD5006EBB35 /* Actor.app */ = {isa = PBXFileReference; explicitFileType = wrapper.application; includeInIndex = 0; path = Actor.app; sourceTree = BUILT_PRODUCTS_DIR; };
		F0E0F73E225F6FD5006EBB35 /* AppDelegate.swift */ = {isa = PBXFileReference; lastKnownFileType = sourcecode.swift; path = AppDelegate.swift; sourceTree = "<group>"; };
		F0E0F743225F6FD5006EBB35 /* Base */ = {isa = PBXFileReference; lastKnownFileType = file.storyboard; name = Base; path = Base.lproj/Main.storyboard; sourceTree = "<group>"; };
		F0E0F745225F6FD7006EBB35 /* Assets.xcassets */ = {isa = PBXFileReference; lastKnownFileType = folder.assetcatalog; path = Assets.xcassets; sourceTree = "<group>"; };
		F0E0F748225F6FD7006EBB35 /* Base */ = {isa = PBXFileReference; lastKnownFileType = file.storyboard; name = Base; path = Base.lproj/LaunchScreen.storyboard; sourceTree = "<group>"; };
		F0E0F74A225F6FD7006EBB35 /* Info.plist */ = {isa = PBXFileReference; lastKnownFileType = text.plist.xml; path = Info.plist; sourceTree = "<group>"; };
		F0E0F75022606FAF006EBB35 /* RosyWriterCPURenderer.swift */ = {isa = PBXFileReference; fileEncoding = 4; lastKnownFileType = sourcecode.swift; path = RosyWriterCPURenderer.swift; sourceTree = "<group>"; };
		F0E0F75122606FAF006EBB35 /* RosyWriterRenderer.swift */ = {isa = PBXFileReference; fileEncoding = 4; lastKnownFileType = sourcecode.swift; path = RosyWriterRenderer.swift; sourceTree = "<group>"; };
		F0E0F75222606FAF006EBB35 /* RosyWriterOpenCVRenderer.swift */ = {isa = PBXFileReference; fileEncoding = 4; lastKnownFileType = sourcecode.swift; path = RosyWriterOpenCVRenderer.swift; sourceTree = "<group>"; };
		F0E0F75322606FAF006EBB35 /* RosyWriterCIFilterRenderer.swift */ = {isa = PBXFileReference; fileEncoding = 4; lastKnownFileType = sourcecode.swift; path = RosyWriterCIFilterRenderer.swift; sourceTree = "<group>"; };
		F0E0F75422606FAF006EBB35 /* CoreImageFilters.swift */ = {isa = PBXFileReference; fileEncoding = 4; lastKnownFileType = sourcecode.swift; path = CoreImageFilters.swift; sourceTree = "<group>"; };
		F0E0F75522606FAF006EBB35 /* RosyWriterOpenGLRenderer.swift */ = {isa = PBXFileReference; fileEncoding = 4; lastKnownFileType = sourcecode.swift; path = RosyWriterOpenGLRenderer.swift; sourceTree = "<group>"; };
		F0E0F75622606FAF006EBB35 /* PreviewView.swift */ = {isa = PBXFileReference; fileEncoding = 4; lastKnownFileType = sourcecode.swift; path = PreviewView.swift; sourceTree = "<group>"; };
		F0E0F75722606FAF006EBB35 /* RosyWriterCapturePipeline.swift */ = {isa = PBXFileReference; fileEncoding = 4; lastKnownFileType = sourcecode.swift; path = RosyWriterCapturePipeline.swift; sourceTree = "<group>"; };
		F0E0F75A22606FAF006EBB35 /* OpenGLPixelBufferView.swift */ = {isa = PBXFileReference; fileEncoding = 4; lastKnownFileType = sourcecode.swift; path = OpenGLPixelBufferView.swift; sourceTree = "<group>"; };
		F0E0F75B22606FAF006EBB35 /* MovieRecorder.swift */ = {isa = PBXFileReference; fileEncoding = 4; lastKnownFileType = sourcecode.swift; path = MovieRecorder.swift; sourceTree = "<group>"; };
		F0E0F75D22606FAF006EBB35 /* ShaderUtilities.swift */ = {isa = PBXFileReference; fileEncoding = 4; lastKnownFileType = sourcecode.swift; path = ShaderUtilities.swift; sourceTree = "<group>"; };
		F0E0F75F22606FAF006EBB35 /* ObjC.swift */ = {isa = PBXFileReference; fileEncoding = 4; lastKnownFileType = sourcecode.swift; path = ObjC.swift; sourceTree = "<group>"; };
		F0E0F76022606FAF006EBB35 /* NumTypes+Conversion.swift */ = {isa = PBXFileReference; fileEncoding = 4; lastKnownFileType = sourcecode.swift; path = "NumTypes+Conversion.swift"; sourceTree = "<group>"; };
		F0E0F76122606FAF006EBB35 /* FourCharCode+StringLiteralConvertible.swift */ = {isa = PBXFileReference; fileEncoding = 4; lastKnownFileType = sourcecode.swift; path = "FourCharCode+StringLiteralConvertible.swift"; sourceTree = "<group>"; };
		F0E0F76222606FAF006EBB35 /* TimelineLayout.swift */ = {isa = PBXFileReference; fileEncoding = 4; lastKnownFileType = sourcecode.swift; path = TimelineLayout.swift; sourceTree = "<group>"; };
		F0E0F77322606FF1006EBB35 /* ActionVC.swift */ = {isa = PBXFileReference; fileEncoding = 4; lastKnownFileType = sourcecode.swift; path = ActionVC.swift; sourceTree = "<group>"; };
		F0E0F77522607110006EBB35 /* PlayerView.swift */ = {isa = PBXFileReference; fileEncoding = 4; lastKnownFileType = sourcecode.swift; name = PlayerView.swift; path = action/Recorder/PlayerView.swift; sourceTree = SOURCE_ROOT; };
		F0E0F77922607F72006EBB35 /* PlayerView.swift */ = {isa = PBXFileReference; fileEncoding = 4; lastKnownFileType = sourcecode.swift; name = PlayerView.swift; path = action/Recorder/PlayerView.swift; sourceTree = SOURCE_ROOT; };
		F0FCA44F2267083B0014FBBA /* movie.MOV */ = {isa = PBXFileReference; lastKnownFileType = video.quicktime; path = movie.MOV; sourceTree = "<group>"; };
		F0FCA453226779600014FBBA /* AwesomeTabButton.swift */ = {isa = PBXFileReference; fileEncoding = 4; lastKnownFileType = sourcecode.swift; path = AwesomeTabButton.swift; sourceTree = "<group>"; };
		F0FCA454226779600014FBBA /* AwesomeSpotlightViewBundle.bundle */ = {isa = PBXFileReference; lastKnownFileType = "wrapper.plug-in"; path = AwesomeSpotlightViewBundle.bundle; sourceTree = "<group>"; };
		F0FCA455226779600014FBBA /* AwesomeSpotlightView.swift */ = {isa = PBXFileReference; fileEncoding = 4; lastKnownFileType = sourcecode.swift; path = AwesomeSpotlightView.swift; sourceTree = "<group>"; };
		F0FCA456226779600014FBBA /* AwesomeSpotlight.swift */ = {isa = PBXFileReference; fileEncoding = 4; lastKnownFileType = sourcecode.swift; path = AwesomeSpotlight.swift; sourceTree = "<group>"; };
		F0FCA457226779600014FBBA /* Localizator.swift */ = {isa = PBXFileReference; fileEncoding = 4; lastKnownFileType = sourcecode.swift; path = Localizator.swift; sourceTree = "<group>"; };
/* End PBXFileReference section */

/* Begin PBXFrameworksBuildPhase section */
		F0A401C7217C50AD003ACC53 /* Frameworks */ = {
			isa = PBXFrameworksBuildPhase;
			buildActionMask = 2147483647;
			files = (
				F0A40248217C6348003ACC53 /* CloudKit.framework in Frameworks */,
			);
			runOnlyForDeploymentPostprocessing = 0;
		};
		F0E0F739225F6FD5006EBB35 /* Frameworks */ = {
			isa = PBXFrameworksBuildPhase;
			buildActionMask = 2147483647;
			files = (
				37A6FF4BDE240D01125CEEF3 /* Pods_Actor.framework in Frameworks */,
			);
			runOnlyForDeploymentPostprocessing = 0;
		};
/* End PBXFrameworksBuildPhase section */

/* Begin PBXGroup section */
		25073188CBCF24F934A69BEB /* Frameworks */ = {
			isa = PBXGroup;
			children = (
				F0A40247217C6348003ACC53 /* CloudKit.framework */,
				1A712BEDF71106BA3B089374 /* Pods_Actor.framework */,
			);
			name = Frameworks;
			sourceTree = "<group>";
		};
		9BFDB32DD9A411B144224645 /* Pods */ = {
			isa = PBXGroup;
			children = (
				493DC757320EC0E82B8B89B8 /* Pods-Actor.debug.xcconfig */,
				DEA36B5CB78E5B3F24F58399 /* Pods-Actor.release.xcconfig */,
			);
			name = Pods;
			sourceTree = "<group>";
		};
		F02ADD9F2196F39C00A28B35 /* MessagesTab */ = {
			isa = PBXGroup;
			children = (
				F04B914421B288E9000F5003 /* Followers.swift */,
				F030FFA121A40499008FB7BE /* DialogVC.swift */,
				F02ADDA42199264400A28B35 /* MessagesVC.swift */,
			);
			path = MessagesTab;
			sourceTree = "<group>";
		};
		F0A401C1217C50AD003ACC53 = {
			isa = PBXGroup;
			children = (
				F0A401CC217C50AD003ACC53 /* action */,
				F0E0F73D225F6FD5006EBB35 /* Actor */,
				F0A401CB217C50AD003ACC53 /* Products */,
				25073188CBCF24F934A69BEB /* Frameworks */,
				9BFDB32DD9A411B144224645 /* Pods */,
			);
			sourceTree = "<group>";
		};
		F0A401CB217C50AD003ACC53 /* Products */ = {
			isa = PBXGroup;
			children = (
				F0A401CA217C50AD003ACC53 /* action.app */,
				F0E0F73C225F6FD5006EBB35 /* Actor.app */,
			);
			name = Products;
			sourceTree = "<group>";
		};
		F0A401CC217C50AD003ACC53 /* action */ = {
			isa = PBXGroup;
			children = (
				F0A40246217C6342003ACC53 /* action.entitlements */,
				F02ADD9F2196F39C00A28B35 /* MessagesTab */,
				F0A40259217D9292003ACC53 /* MeTab */,
				F0A401F9217C511B003ACC53 /* FollowingTab */,
				F0A401E2217C511B003ACC53 /* MainTab */,
				F0A401E7217C511B003ACC53 /* Recorder */,
				F0A401CD217C50AD003ACC53 /* AppDelegate.swift */,
				F0A401D1217C50AD003ACC53 /* Main.storyboard */,
				F0A401D7217C50AE003ACC53 /* Assets.xcassets */,
				F0A401D9217C50AE003ACC53 /* LaunchScreen.storyboard */,
				F0A401DC217C50AE003ACC53 /* Info.plist */,
				F0A401D4217C50AD003ACC53 /* action.xcdatamodeld */,
			);
			path = action;
			sourceTree = "<group>";
		};
		F0A401E2217C511B003ACC53 /* MainTab */ = {
			isa = PBXGroup;
			children = (
				F04B914821CACF9E000F5003 /* EULAVC.swift */,
				F030FF9F21A24D74008FB7BE /* ReviewsVC.swift */,
				F0E0F77922607F72006EBB35 /* PlayerView.swift */,
				F0A401E5217C511B003ACC53 /* MainVC.swift */,
			);
			path = MainTab;
			sourceTree = "<group>";
		};
		F0A401E7217C511B003ACC53 /* Recorder */ = {
			isa = PBXGroup;
			children = (
				F030FFA321A79B1B008FB7BE /* TimelineLayout.swift */,
				F0A401E3217C511B003ACC53 /* PreviewView.swift */,
				F02ADDA6219BE62D00A28B35 /* ActionVC.swift */,
				F0A401EF217C511B003ACC53 /* RosyWriterCapturePipeline.swift */,
				F0A401E8217C511B003ACC53 /* Renderer */,
				F0A401F0217C511B003ACC53 /* Utilities */,
				F0A401F5217C511B003ACC53 /* OOPUtils */,
			);
			path = Recorder;
			sourceTree = "<group>";
		};
		F0A401E8217C511B003ACC53 /* Renderer */ = {
			isa = PBXGroup;
			children = (
				F0A401E9217C511B003ACC53 /* RosyWriterCPURenderer.swift */,
				F0A401EA217C511B003ACC53 /* RosyWriterRenderer.swift */,
				F0A401EB217C511B003ACC53 /* RosyWriterOpenCVRenderer.swift */,
				F0A401EC217C511B003ACC53 /* RosyWriterCIFilterRenderer.swift */,
				F0A401ED217C511B003ACC53 /* CoreImageFilters.swift */,
				F0A401EE217C511B003ACC53 /* RosyWriterOpenGLRenderer.swift */,
			);
			path = Renderer;
			sourceTree = "<group>";
		};
		F0A401F0217C511B003ACC53 /* Utilities */ = {
			isa = PBXGroup;
			children = (
				F0A40240217C5723003ACC53 /* GL */,
				F0A401F1217C511B003ACC53 /* OpenGLPixelBufferView.swift */,
				F0A401F2217C511B003ACC53 /* MovieRecorder.swift */,
			);
			path = Utilities;
			sourceTree = "<group>";
		};
		F0A401F5217C511B003ACC53 /* OOPUtils */ = {
			isa = PBXGroup;
			children = (
				F0A401F6217C511B003ACC53 /* ObjC.swift */,
				F0A401F7217C511B003ACC53 /* NumTypes+Conversion.swift */,
				F0A401F8217C511B003ACC53 /* FourCharCode+StringLiteralConvertible.swift */,
			);
			path = OOPUtils;
			sourceTree = "<group>";
		};
		F0A401F9217C511B003ACC53 /* FollowingTab */ = {
			isa = PBXGroup;
			children = (
				F0A4025E218319E0003ACC53 /* FollowingVC.swift */,
			);
			path = FollowingTab;
			sourceTree = "<group>";
		};
		F0A40240217C5723003ACC53 /* GL */ = {
			isa = PBXGroup;
			children = (
				F0A40241217C5723003ACC53 /* ShaderUtilities.swift */,
			);
			path = GL;
			sourceTree = "<group>";
		};
		F0A40259217D9292003ACC53 /* MeTab */ = {
			isa = PBXGroup;
			children = (
				F025535D218BFFA000261DEA /* iOSDevCenters+GIF.swift */,
				F0A40249217D9285003ACC53 /* BaseLocalCache.swift */,
				F0A4024E217D9286003ACC53 /* HandleCloudKitError.swift */,
				F0A4025C21808464003ACC53 /* UserLocalCache.swift */,
				F0A40244217C6267003ACC53 /* UserInfoVC.swift */,
				F025537821904D1A00261DEA /* EditUserInfoVC.swift */,
			);
			path = MeTab;
			sourceTree = "<group>";
		};
		F0E0F73D225F6FD5006EBB35 /* Actor */ = {
			isa = PBXGroup;
			children = (
				F0FCA451226779600014FBBA /* AwesomeSpotlightView */,
				F0FCA44F2267083B0014FBBA /* movie.MOV */,
				F0E0F74E22606FAF006EBB35 /* Recorder */,
				F0E0F73E225F6FD5006EBB35 /* AppDelegate.swift */,
				F0E0F77322606FF1006EBB35 /* ActionVC.swift */,
				F0179D0622D5E6F90071832D /* RootViewController.swift */,
				F0E0F742225F6FD5006EBB35 /* Main.storyboard */,
				F0E0F745225F6FD7006EBB35 /* Assets.xcassets */,
				F0E0F747225F6FD7006EBB35 /* LaunchScreen.storyboard */,
				F0E0F74A225F6FD7006EBB35 /* Info.plist */,
			);
			path = Actor;
			sourceTree = "<group>";
		};
		F0E0F74E22606FAF006EBB35 /* Recorder */ = {
			isa = PBXGroup;
			children = (
				F0E0F74F22606FAF006EBB35 /* Renderer */,
				F0E0F75622606FAF006EBB35 /* PreviewView.swift */,
				F0E0F77522607110006EBB35 /* PlayerView.swift */,
				F0E0F75722606FAF006EBB35 /* RosyWriterCapturePipeline.swift */,
				F0E0F75922606FAF006EBB35 /* Utilities */,
				F0E0F75E22606FAF006EBB35 /* OOPUtils */,
				F0E0F76222606FAF006EBB35 /* TimelineLayout.swift */,
			);
			name = Recorder;
			path = action/Recorder;
			sourceTree = SOURCE_ROOT;
		};
		F0E0F74F22606FAF006EBB35 /* Renderer */ = {
			isa = PBXGroup;
			children = (
				F0E0F75022606FAF006EBB35 /* RosyWriterCPURenderer.swift */,
				F0E0F75122606FAF006EBB35 /* RosyWriterRenderer.swift */,
				F0E0F75222606FAF006EBB35 /* RosyWriterOpenCVRenderer.swift */,
				F0E0F75322606FAF006EBB35 /* RosyWriterCIFilterRenderer.swift */,
				F0E0F75422606FAF006EBB35 /* CoreImageFilters.swift */,
				F0E0F75522606FAF006EBB35 /* RosyWriterOpenGLRenderer.swift */,
			);
			path = Renderer;
			sourceTree = "<group>";
		};
		F0E0F75922606FAF006EBB35 /* Utilities */ = {
			isa = PBXGroup;
			children = (
				F0E0F75A22606FAF006EBB35 /* OpenGLPixelBufferView.swift */,
				F0E0F75B22606FAF006EBB35 /* MovieRecorder.swift */,
				F0E0F75C22606FAF006EBB35 /* GL */,
			);
			path = Utilities;
			sourceTree = "<group>";
		};
		F0E0F75C22606FAF006EBB35 /* GL */ = {
			isa = PBXGroup;
			children = (
				F0E0F75D22606FAF006EBB35 /* ShaderUtilities.swift */,
			);
			path = GL;
			sourceTree = "<group>";
		};
		F0E0F75E22606FAF006EBB35 /* OOPUtils */ = {
			isa = PBXGroup;
			children = (
				F0E0F75F22606FAF006EBB35 /* ObjC.swift */,
				F0E0F76022606FAF006EBB35 /* NumTypes+Conversion.swift */,
				F0E0F76122606FAF006EBB35 /* FourCharCode+StringLiteralConvertible.swift */,
			);
			path = OOPUtils;
			sourceTree = "<group>";
		};
		F0FCA451226779600014FBBA /* AwesomeSpotlightView */ = {
			isa = PBXGroup;
			children = (
				F0FCA452226779600014FBBA /* Classes */,
			);
			path = AwesomeSpotlightView;
			sourceTree = "<group>";
		};
		F0FCA452226779600014FBBA /* Classes */ = {
			isa = PBXGroup;
			children = (
				F0FCA453226779600014FBBA /* AwesomeTabButton.swift */,
				F0FCA454226779600014FBBA /* AwesomeSpotlightViewBundle.bundle */,
				F0FCA455226779600014FBBA /* AwesomeSpotlightView.swift */,
				F0FCA456226779600014FBBA /* AwesomeSpotlight.swift */,
				F0FCA457226779600014FBBA /* Localizator.swift */,
			);
			path = Classes;
			sourceTree = "<group>";
		};
/* End PBXGroup section */

/* Begin PBXNativeTarget section */
		F0A401C9217C50AD003ACC53 /* action */ = {
			isa = PBXNativeTarget;
			buildConfigurationList = F0A401DF217C50AE003ACC53 /* Build configuration list for PBXNativeTarget "action" */;
			buildPhases = (
				F0A401C6217C50AD003ACC53 /* Sources */,
				F0A401C7217C50AD003ACC53 /* Frameworks */,
				F0A401C8217C50AD003ACC53 /* Resources */,
			);
			buildRules = (
			);
			dependencies = (
			);
			name = action;
			productName = action;
			productReference = F0A401CA217C50AD003ACC53 /* action.app */;
			productType = "com.apple.product-type.application";
		};
		F0E0F73B225F6FD5006EBB35 /* Actor */ = {
			isa = PBXNativeTarget;
			buildConfigurationList = F0E0F74D225F6FD7006EBB35 /* Build configuration list for PBXNativeTarget "Actor" */;
			buildPhases = (
				A3AFFC314A4AB039E017A759 /* [CP] Check Pods Manifest.lock */,
				F0E0F738225F6FD5006EBB35 /* Sources */,
				F0E0F739225F6FD5006EBB35 /* Frameworks */,
				F0E0F73A225F6FD5006EBB35 /* Resources */,
				BAE64D35B9A329B556DA053D /* [CP] Embed Pods Frameworks */,
			);
			buildRules = (
			);
			dependencies = (
			);
			name = Actor;
			productName = Actor;
			productReference = F0E0F73C225F6FD5006EBB35 /* Actor.app */;
			productType = "com.apple.product-type.application";
		};
/* End PBXNativeTarget section */

/* Begin PBXProject section */
		F0A401C2217C50AD003ACC53 /* Project object */ = {
			isa = PBXProject;
			attributes = {
				LastSwiftUpdateCheck = 1020;
				LastUpgradeCheck = 1000;
				ORGANIZATIONNAME = zpc;
				TargetAttributes = {
					F0A401C9217C50AD003ACC53 = {
						CreatedOnToolsVersion = 10.0;
						SystemCapabilities = {
							com.apple.BackgroundModes = {
								enabled = 1;
							};
							com.apple.Push = {
								enabled = 1;
							};
							com.apple.iCloud = {
								enabled = 1;
							};
						};
					};
					F0E0F73B225F6FD5006EBB35 = {
						CreatedOnToolsVersion = 10.1;
					};
				};
			};
			buildConfigurationList = F0A401C5217C50AD003ACC53 /* Build configuration list for PBXProject "action" */;
			compatibilityVersion = "Xcode 9.3";
			developmentRegion = en;
			hasScannedForEncodings = 0;
			knownRegions = (
				en,
				Base,
				"zh-Hans",
			);
			mainGroup = F0A401C1217C50AD003ACC53;
			productRefGroup = F0A401CB217C50AD003ACC53 /* Products */;
			projectDirPath = "";
			projectRoot = "";
			targets = (
				F0A401C9217C50AD003ACC53 /* action */,
				F0E0F73B225F6FD5006EBB35 /* Actor */,
			);
		};
/* End PBXProject section */

/* Begin PBXResourcesBuildPhase section */
		F0A401C8217C50AD003ACC53 /* Resources */ = {
			isa = PBXResourcesBuildPhase;
			buildActionMask = 2147483647;
			files = (
				F0A401DB217C50AE003ACC53 /* LaunchScreen.storyboard in Resources */,
				F0A401D8217C50AE003ACC53 /* Assets.xcassets in Resources */,
				F0A401D3217C50AD003ACC53 /* Main.storyboard in Resources */,
			);
			runOnlyForDeploymentPostprocessing = 0;
		};
		F0E0F73A225F6FD5006EBB35 /* Resources */ = {
			isa = PBXResourcesBuildPhase;
			buildActionMask = 2147483647;
			files = (
				F0E0F749225F6FD7006EBB35 /* LaunchScreen.storyboard in Resources */,
				F0FCA459226779600014FBBA /* AwesomeSpotlightViewBundle.bundle in Resources */,
				F0FCA4502267083B0014FBBA /* movie.MOV in Resources */,
				F0E0F746225F6FD7006EBB35 /* Assets.xcassets in Resources */,
				F0E0F744225F6FD5006EBB35 /* Main.storyboard in Resources */,
			);
			runOnlyForDeploymentPostprocessing = 0;
		};
/* End PBXResourcesBuildPhase section */

/* Begin PBXShellScriptBuildPhase section */
		A3AFFC314A4AB039E017A759 /* [CP] Check Pods Manifest.lock */ = {
			isa = PBXShellScriptBuildPhase;
			buildActionMask = 2147483647;
			files = (
			);
			inputPaths = (
				"${PODS_PODFILE_DIR_PATH}/Podfile.lock",
				"${PODS_ROOT}/Manifest.lock",
			);
			name = "[CP] Check Pods Manifest.lock";
			outputPaths = (
				"$(DERIVED_FILE_DIR)/Pods-Actor-checkManifestLockResult.txt",
			);
			runOnlyForDeploymentPostprocessing = 0;
			shellPath = /bin/sh;
			shellScript = "diff \"${PODS_PODFILE_DIR_PATH}/Podfile.lock\" \"${PODS_ROOT}/Manifest.lock\" > /dev/null\nif [ $? != 0 ] ; then\n    # print error to STDERR\n    echo \"error: The sandbox is not in sync with the Podfile.lock. Run 'pod install' or update your CocoaPods installation.\" >&2\n    exit 1\nfi\n# This output is used by Xcode 'outputs' to avoid re-running this script phase.\necho \"SUCCESS\" > \"${SCRIPT_OUTPUT_FILE_0}\"\n";
			showEnvVarsInLog = 0;
		};
		BAE64D35B9A329B556DA053D /* [CP] Embed Pods Frameworks */ = {
			isa = PBXShellScriptBuildPhase;
			buildActionMask = 2147483647;
			files = (
			);
			inputFileListPaths = (
				"${PODS_ROOT}/Target Support Files/Pods-Actor/Pods-Actor-frameworks-${CONFIGURATION}-input-files.xcfilelist",
			);
			name = "[CP] Embed Pods Frameworks";
			outputFileListPaths = (
				"${PODS_ROOT}/Target Support Files/Pods-Actor/Pods-Actor-frameworks-${CONFIGURATION}-output-files.xcfilelist",
			);
			runOnlyForDeploymentPostprocessing = 0;
			shellPath = /bin/sh;
			shellScript = "\"${PODS_ROOT}/Target Support Files/Pods-Actor/Pods-Actor-frameworks.sh\"\n";
			showEnvVarsInLog = 0;
		};
/* End PBXShellScriptBuildPhase section */

/* Begin PBXSourcesBuildPhase section */
		F0A401C6217C50AD003ACC53 /* Sources */ = {
			isa = PBXSourcesBuildPhase;
			buildActionMask = 2147483647;
			files = (
				F02ADDA8219BF4EB00A28B35 /* ActionVC.swift in Sources */,
				F0A40256217D9287003ACC53 /* HandleCloudKitError.swift in Sources */,
				F0A40251217D9287003ACC53 /* BaseLocalCache.swift in Sources */,
				F0E0F77A22607F72006EBB35 /* PlayerView.swift in Sources */,
				F04B914921CACF9F000F5003 /* EULAVC.swift in Sources */,
				F030FFA221A4049A008FB7BE /* DialogVC.swift in Sources */,
				F04B914521B288E9000F5003 /* Followers.swift in Sources */,
				F0A4020F217C511C003ACC53 /* PreviewView.swift in Sources */,
				F030FFA021A24D74008FB7BE /* ReviewsVC.swift in Sources */,
				F0A40242217C5723003ACC53 /* ShaderUtilities.swift in Sources */,
				F0A4021F217C511C003ACC53 /* FourCharCode+StringLiteralConvertible.swift in Sources */,
				F0A40215217C511C003ACC53 /* RosyWriterOpenCVRenderer.swift in Sources */,
				F0A4021B217C511C003ACC53 /* MovieRecorder.swift in Sources */,
				F0A4021E217C511C003ACC53 /* NumTypes+Conversion.swift in Sources */,
				F0A4021A217C511C003ACC53 /* OpenGLPixelBufferView.swift in Sources */,
				F0A401D6217C50AD003ACC53 /* action.xcdatamodeld in Sources */,
				F0A40218217C511C003ACC53 /* RosyWriterOpenGLRenderer.swift in Sources */,
				F0A4025F218319E0003ACC53 /* FollowingVC.swift in Sources */,
				F0A40211217C511C003ACC53 /* MainVC.swift in Sources */,
				F0A40217217C511C003ACC53 /* CoreImageFilters.swift in Sources */,
				F0A40219217C511C003ACC53 /* RosyWriterCapturePipeline.swift in Sources */,
				F0A401CE217C50AD003ACC53 /* AppDelegate.swift in Sources */,
				F0A40216217C511C003ACC53 /* RosyWriterCIFilterRenderer.swift in Sources */,
				F0A40214217C511C003ACC53 /* RosyWriterRenderer.swift in Sources */,
				F0A4025D21808464003ACC53 /* UserLocalCache.swift in Sources */,
				F030FFA421A79B1B008FB7BE /* TimelineLayout.swift in Sources */,
				F025535E218BFFA000261DEA /* iOSDevCenters+GIF.swift in Sources */,
				F0A4021D217C511C003ACC53 /* ObjC.swift in Sources */,
				F0A40245217C6267003ACC53 /* UserInfoVC.swift in Sources */,
				F02ADDA52199264400A28B35 /* MessagesVC.swift in Sources */,
				F025537921904D1A00261DEA /* EditUserInfoVC.swift in Sources */,
				F0A40213217C511C003ACC53 /* RosyWriterCPURenderer.swift in Sources */,
			);
			runOnlyForDeploymentPostprocessing = 0;
		};
		F0E0F738225F6FD5006EBB35 /* Sources */ = {
			isa = PBXSourcesBuildPhase;
			buildActionMask = 2147483647;
			files = (
				F0E0F76422606FB0006EBB35 /* RosyWriterRenderer.swift in Sources */,
				F0E0F77422606FF1006EBB35 /* ActionVC.swift in Sources */,
				F0E0F76722606FB0006EBB35 /* CoreImageFilters.swift in Sources */,
				F0E0F76F22606FB0006EBB35 /* ObjC.swift in Sources */,
				F0E0F76922606FB0006EBB35 /* PreviewView.swift in Sources */,
				F0E0F76E22606FB0006EBB35 /* ShaderUtilities.swift in Sources */,
				F0E0F76622606FB0006EBB35 /* RosyWriterCIFilterRenderer.swift in Sources */,
				F0FCA45B226779600014FBBA /* AwesomeSpotlight.swift in Sources */,
				F0FCA45A226779600014FBBA /* AwesomeSpotlightView.swift in Sources */,
				F0FCA458226779600014FBBA /* AwesomeTabButton.swift in Sources */,
				F0FCA45C226779600014FBBA /* Localizator.swift in Sources */,
				F0E0F73F225F6FD5006EBB35 /* AppDelegate.swift in Sources */,
				F0179D1A22D5F77F0071832D /* RootViewController.swift in Sources */,
				F0E0F76522606FB0006EBB35 /* RosyWriterOpenCVRenderer.swift in Sources */,
				F0E0F77622607110006EBB35 /* PlayerView.swift in Sources */,
				F0E0F77222606FB0006EBB35 /* TimelineLayout.swift in Sources */,
				F0E0F77022606FB0006EBB35 /* NumTypes+Conversion.swift in Sources */,
				F0E0F77122606FB0006EBB35 /* FourCharCode+StringLiteralConvertible.swift in Sources */,
				F0E0F76322606FB0006EBB35 /* RosyWriterCPURenderer.swift in Sources */,
				F0E0F76A22606FB0006EBB35 /* RosyWriterCapturePipeline.swift in Sources */,
				F0E0F76D22606FB0006EBB35 /* MovieRecorder.swift in Sources */,
				F0E0F76C22606FB0006EBB35 /* OpenGLPixelBufferView.swift in Sources */,
				F0E0F76822606FB0006EBB35 /* RosyWriterOpenGLRenderer.swift in Sources */,
			);
			runOnlyForDeploymentPostprocessing = 0;
		};
/* End PBXSourcesBuildPhase section */

/* Begin PBXVariantGroup section */
		F0A401D1217C50AD003ACC53 /* Main.storyboard */ = {
			isa = PBXVariantGroup;
			children = (
				F0A401D2217C50AD003ACC53 /* Base */,
				F04B914621B7ED77000F5003 /* zh-Hans */,
			);
			name = Main.storyboard;
			sourceTree = "<group>";
		};
		F0A401D9217C50AE003ACC53 /* LaunchScreen.storyboard */ = {
			isa = PBXVariantGroup;
			children = (
				F0A401DA217C50AE003ACC53 /* Base */,
				F04B914721B7ED78000F5003 /* zh-Hans */,
			);
			name = LaunchScreen.storyboard;
			sourceTree = "<group>";
		};
		F0E0F742225F6FD5006EBB35 /* Main.storyboard */ = {
			isa = PBXVariantGroup;
			children = (
				F0E0F743225F6FD5006EBB35 /* Base */,
			);
			name = Main.storyboard;
			sourceTree = "<group>";
		};
		F0E0F747225F6FD7006EBB35 /* LaunchScreen.storyboard */ = {
			isa = PBXVariantGroup;
			children = (
				F0E0F748225F6FD7006EBB35 /* Base */,
			);
			name = LaunchScreen.storyboard;
			sourceTree = "<group>";
		};
/* End PBXVariantGroup section */

/* Begin XCBuildConfiguration section */
		F0A401DD217C50AE003ACC53 /* Debug */ = {
			isa = XCBuildConfiguration;
			buildSettings = {
				ALWAYS_SEARCH_USER_PATHS = NO;
				CLANG_ANALYZER_LOCALIZABILITY_NONLOCALIZED = YES;
				CLANG_ANALYZER_NONNULL = YES;
				CLANG_ANALYZER_NUMBER_OBJECT_CONVERSION = YES_AGGRESSIVE;
				CLANG_CXX_LANGUAGE_STANDARD = "gnu++14";
				CLANG_CXX_LIBRARY = "libc++";
				CLANG_ENABLE_MODULES = YES;
				CLANG_ENABLE_OBJC_ARC = YES;
				CLANG_ENABLE_OBJC_WEAK = YES;
				CLANG_WARN_BLOCK_CAPTURE_AUTORELEASING = YES;
				CLANG_WARN_BOOL_CONVERSION = YES;
				CLANG_WARN_COMMA = YES;
				CLANG_WARN_CONSTANT_CONVERSION = YES;
				CLANG_WARN_DEPRECATED_OBJC_IMPLEMENTATIONS = YES;
				CLANG_WARN_DIRECT_OBJC_ISA_USAGE = YES_ERROR;
				CLANG_WARN_DOCUMENTATION_COMMENTS = YES;
				CLANG_WARN_EMPTY_BODY = YES;
				CLANG_WARN_ENUM_CONVERSION = YES;
				CLANG_WARN_INFINITE_RECURSION = YES;
				CLANG_WARN_INT_CONVERSION = YES;
				CLANG_WARN_NON_LITERAL_NULL_CONVERSION = YES;
				CLANG_WARN_OBJC_IMPLICIT_RETAIN_SELF = YES;
				CLANG_WARN_OBJC_LITERAL_CONVERSION = YES;
				CLANG_WARN_OBJC_ROOT_CLASS = YES_ERROR;
				CLANG_WARN_RANGE_LOOP_ANALYSIS = YES;
				CLANG_WARN_STRICT_PROTOTYPES = YES;
				CLANG_WARN_SUSPICIOUS_MOVE = YES;
				CLANG_WARN_UNGUARDED_AVAILABILITY = YES_AGGRESSIVE;
				CLANG_WARN_UNREACHABLE_CODE = YES;
				CLANG_WARN__DUPLICATE_METHOD_MATCH = YES;
				CODE_SIGN_IDENTITY = "iPhone Developer";
				COPY_PHASE_STRIP = NO;
				DEBUG_INFORMATION_FORMAT = dwarf;
				ENABLE_STRICT_OBJC_MSGSEND = YES;
				ENABLE_TESTABILITY = YES;
				GCC_C_LANGUAGE_STANDARD = gnu11;
				GCC_DYNAMIC_NO_PIC = NO;
				GCC_NO_COMMON_BLOCKS = YES;
				GCC_OPTIMIZATION_LEVEL = 0;
				GCC_PREPROCESSOR_DEFINITIONS = (
					"DEBUG=1",
					"$(inherited)",
				);
				GCC_WARN_64_TO_32_BIT_CONVERSION = YES;
				GCC_WARN_ABOUT_RETURN_TYPE = YES_ERROR;
				GCC_WARN_UNDECLARED_SELECTOR = YES;
				GCC_WARN_UNINITIALIZED_AUTOS = YES_AGGRESSIVE;
				GCC_WARN_UNUSED_FUNCTION = YES;
				GCC_WARN_UNUSED_VARIABLE = YES;
				IPHONEOS_DEPLOYMENT_TARGET = 10.0;
				MTL_ENABLE_DEBUG_INFO = INCLUDE_SOURCE;
				MTL_FAST_MATH = YES;
				ONLY_ACTIVE_ARCH = YES;
				SDKROOT = iphoneos;
				SWIFT_ACTIVE_COMPILATION_CONDITIONS = DEBUG;
				SWIFT_OPTIMIZATION_LEVEL = "-Onone";
			};
			name = Debug;
		};
		F0A401DE217C50AE003ACC53 /* Release */ = {
			isa = XCBuildConfiguration;
			buildSettings = {
				ALWAYS_SEARCH_USER_PATHS = NO;
				CLANG_ANALYZER_LOCALIZABILITY_NONLOCALIZED = YES;
				CLANG_ANALYZER_NONNULL = YES;
				CLANG_ANALYZER_NUMBER_OBJECT_CONVERSION = YES_AGGRESSIVE;
				CLANG_CXX_LANGUAGE_STANDARD = "gnu++14";
				CLANG_CXX_LIBRARY = "libc++";
				CLANG_ENABLE_MODULES = YES;
				CLANG_ENABLE_OBJC_ARC = YES;
				CLANG_ENABLE_OBJC_WEAK = YES;
				CLANG_WARN_BLOCK_CAPTURE_AUTORELEASING = YES;
				CLANG_WARN_BOOL_CONVERSION = YES;
				CLANG_WARN_COMMA = YES;
				CLANG_WARN_CONSTANT_CONVERSION = YES;
				CLANG_WARN_DEPRECATED_OBJC_IMPLEMENTATIONS = YES;
				CLANG_WARN_DIRECT_OBJC_ISA_USAGE = YES_ERROR;
				CLANG_WARN_DOCUMENTATION_COMMENTS = YES;
				CLANG_WARN_EMPTY_BODY = YES;
				CLANG_WARN_ENUM_CONVERSION = YES;
				CLANG_WARN_INFINITE_RECURSION = YES;
				CLANG_WARN_INT_CONVERSION = YES;
				CLANG_WARN_NON_LITERAL_NULL_CONVERSION = YES;
				CLANG_WARN_OBJC_IMPLICIT_RETAIN_SELF = YES;
				CLANG_WARN_OBJC_LITERAL_CONVERSION = YES;
				CLANG_WARN_OBJC_ROOT_CLASS = YES_ERROR;
				CLANG_WARN_RANGE_LOOP_ANALYSIS = YES;
				CLANG_WARN_STRICT_PROTOTYPES = YES;
				CLANG_WARN_SUSPICIOUS_MOVE = YES;
				CLANG_WARN_UNGUARDED_AVAILABILITY = YES_AGGRESSIVE;
				CLANG_WARN_UNREACHABLE_CODE = YES;
				CLANG_WARN__DUPLICATE_METHOD_MATCH = YES;
				CODE_SIGN_IDENTITY = "iPhone Developer";
				COPY_PHASE_STRIP = NO;
				DEBUG_INFORMATION_FORMAT = "dwarf-with-dsym";
				ENABLE_NS_ASSERTIONS = NO;
				ENABLE_STRICT_OBJC_MSGSEND = YES;
				GCC_C_LANGUAGE_STANDARD = gnu11;
				GCC_NO_COMMON_BLOCKS = YES;
				GCC_WARN_64_TO_32_BIT_CONVERSION = YES;
				GCC_WARN_ABOUT_RETURN_TYPE = YES_ERROR;
				GCC_WARN_UNDECLARED_SELECTOR = YES;
				GCC_WARN_UNINITIALIZED_AUTOS = YES_AGGRESSIVE;
				GCC_WARN_UNUSED_FUNCTION = YES;
				GCC_WARN_UNUSED_VARIABLE = YES;
				IPHONEOS_DEPLOYMENT_TARGET = 10.0;
				MTL_ENABLE_DEBUG_INFO = NO;
				MTL_FAST_MATH = YES;
				SDKROOT = iphoneos;
				SWIFT_COMPILATION_MODE = wholemodule;
				SWIFT_OPTIMIZATION_LEVEL = "-O";
				VALIDATE_PRODUCT = YES;
			};
			name = Release;
		};
		F0A401E0217C50AE003ACC53 /* Debug */ = {
			isa = XCBuildConfiguration;
			buildSettings = {
				ASSETCATALOG_COMPILER_APPICON_NAME = AppIcon;
				CODE_SIGN_ENTITLEMENTS = action/action.entitlements;
				CODE_SIGN_STYLE = Automatic;
				DEVELOPMENT_TEAM = 5K87F3JL7S;
				INFOPLIST_FILE = action/Info.plist;
				IPHONEOS_DEPLOYMENT_TARGET = 10.0;
				LD_RUNPATH_SEARCH_PATHS = (
					"$(inherited)",
					"@executable_path/Frameworks",
				);
				PRODUCT_BUNDLE_IDENTIFIER = zpc.action;
				PRODUCT_NAME = "$(TARGET_NAME)";
				SWIFT_OBJC_BRIDGING_HEADER = "";
				SWIFT_VERSION = 4.2;
				TARGETED_DEVICE_FAMILY = 1;
			};
			name = Debug;
		};
		F0A401E1217C50AE003ACC53 /* Release */ = {
			isa = XCBuildConfiguration;
			buildSettings = {
				ASSETCATALOG_COMPILER_APPICON_NAME = AppIcon;
				CODE_SIGN_ENTITLEMENTS = action/action.entitlements;
				CODE_SIGN_STYLE = Automatic;
				DEVELOPMENT_TEAM = 5K87F3JL7S;
				INFOPLIST_FILE = action/Info.plist;
				IPHONEOS_DEPLOYMENT_TARGET = 10.0;
				LD_RUNPATH_SEARCH_PATHS = (
					"$(inherited)",
					"@executable_path/Frameworks",
				);
				PRODUCT_BUNDLE_IDENTIFIER = zpc.action;
				PRODUCT_NAME = "$(TARGET_NAME)";
				SWIFT_OBJC_BRIDGING_HEADER = "";
				SWIFT_VERSION = 4.2;
				TARGETED_DEVICE_FAMILY = 1;
			};
			name = Release;
		};
		F0E0F74B225F6FD7006EBB35 /* Debug */ = {
			isa = XCBuildConfiguration;
			baseConfigurationReference = 493DC757320EC0E82B8B89B8 /* Pods-Actor.debug.xcconfig */;
			buildSettings = {
				ASSETCATALOG_COMPILER_APPICON_NAME = AppIcon;
				CODE_SIGN_STYLE = Automatic;
				DEVELOPMENT_TEAM = 5K87F3JL7S;
				INFOPLIST_FILE = Actor/Info.plist;
				IPHONEOS_DEPLOYMENT_TARGET = 10.0;
				LD_RUNPATH_SEARCH_PATHS = (
					"$(inherited)",
					"@executable_path/Frameworks",
				);
				PRODUCT_BUNDLE_IDENTIFIER = zpc.Actor;
				PRODUCT_NAME = "$(TARGET_NAME)";
				SWIFT_VERSION = 4.2;
				TARGETED_DEVICE_FAMILY = 1;
			};
			name = Debug;
		};
		F0E0F74C225F6FD7006EBB35 /* Release */ = {
			isa = XCBuildConfiguration;
			baseConfigurationReference = DEA36B5CB78E5B3F24F58399 /* Pods-Actor.release.xcconfig */;
			buildSettings = {
				ASSETCATALOG_COMPILER_APPICON_NAME = AppIcon;
				CODE_SIGN_STYLE = Automatic;
				DEVELOPMENT_TEAM = 5K87F3JL7S;
				INFOPLIST_FILE = Actor/Info.plist;
				IPHONEOS_DEPLOYMENT_TARGET = 10.0;
				LD_RUNPATH_SEARCH_PATHS = (
					"$(inherited)",
					"@executable_path/Frameworks",
				);
				PRODUCT_BUNDLE_IDENTIFIER = zpc.Actor;
				PRODUCT_NAME = "$(TARGET_NAME)";
				SWIFT_VERSION = 4.2;
				TARGETED_DEVICE_FAMILY = 1;
			};
			name = Release;
		};
/* End XCBuildConfiguration section */

/* Begin XCConfigurationList section */
		F0A401C5217C50AD003ACC53 /* Build configuration list for PBXProject "action" */ = {
			isa = XCConfigurationList;
			buildConfigurations = (
				F0A401DD217C50AE003ACC53 /* Debug */,
				F0A401DE217C50AE003ACC53 /* Release */,
			);
			defaultConfigurationIsVisible = 0;
			defaultConfigurationName = Release;
		};
		F0A401DF217C50AE003ACC53 /* Build configuration list for PBXNativeTarget "action" */ = {
			isa = XCConfigurationList;
			buildConfigurations = (
				F0A401E0217C50AE003ACC53 /* Debug */,
				F0A401E1217C50AE003ACC53 /* Release */,
			);
			defaultConfigurationIsVisible = 0;
			defaultConfigurationName = Release;
		};
		F0E0F74D225F6FD7006EBB35 /* Build configuration list for PBXNativeTarget "Actor" */ = {
			isa = XCConfigurationList;
			buildConfigurations = (
				F0E0F74B225F6FD7006EBB35 /* Debug */,
				F0E0F74C225F6FD7006EBB35 /* Release */,
			);
			defaultConfigurationIsVisible = 0;
			defaultConfigurationName = Release;
		};
/* End XCConfigurationList section */

/* Begin XCVersionGroup section */
		F0A401D4217C50AD003ACC53 /* action.xcdatamodeld */ = {
			isa = XCVersionGroup;
			children = (
				F0A401D5217C50AD003ACC53 /* action.xcdatamodel */,
			);
			currentVersion = F0A401D5217C50AD003ACC53 /* action.xcdatamodel */;
			path = action.xcdatamodeld;
			sourceTree = "<group>";
			versionGroupType = wrapper.xcdatamodel;
		};
/* End XCVersionGroup section */
	};
	rootObject = F0A401C2217C50AD003ACC53 /* Project object */;
}
